// !$*UTF8*$!
{
	archiveVersion = 1;
	classes = {
	};
	objectVersion = 77;
	objects = {

/* Begin PBXBuildFile section */
		52437F90302B875100A2F27A /* AppDelegate.swift in Sources */ = {isa = PBXBuildFile; fileRef = 52437F8F302B875100A2F27A /* AppDelegate.swift */; };
		52437F94302B875100A2F27A /* Main.html in Resources */ = {isa = PBXBuildFile; fileRef = 52437F92302B875100A2F27A /* Main.html */; };
		52437F96302B875100A2F27A /* Icon.png in Resources */ = {isa = PBXBuildFile; fileRef = 52437F95302B875100A2F27A /* Icon.png */; };
		52437F98302B875100A2F27A /* Style.css in Resources */ = {isa = PBXBuildFile; fileRef = 52437F97302B875100A2F27A /* Style.css */; };
		52437F9A302B875100A2F27A /* Script.js in Resources */ = {isa = PBXBuildFile; fileRef = 52437F99302B875100A2F27A /* Script.js */; };
		52437F9C302B875100A2F27A /* ViewController.swift in Sources */ = {isa = PBXBuildFile; fileRef = 52437F9B302B875100A2F27A /* ViewController.swift */; };
		52437F9F302B875100A2F27A /* Main.storyboard in Resources */ = {isa = PBXBuildFile; fileRef = 52437F9D302B875100A2F27A /* Main.storyboard */; };
		52437FA1302B875300A2F27A /* Assets.xcassets in Resources */ = {isa = PBXBuildFile; fileRef = 52437FA0302B875300A2F27A /* Assets.xcassets */; };
		52437FA8302B875300A2F27A /* MediaKeyGuardForSafari Extension.appex in Embed Foundation Extensions */ = {isa = PBXBuildFile; fileRef = 52437FA7302B875300A2F27A /* MediaKeyGuardForSafari Extension.appex */; settings = {ATTRIBUTES = (RemoveHeadersOnCopy, ); }; };
		52437FAD302B875300A2F27A /* SafariWebExtensionHandler.swift in Sources */ = {isa = PBXBuildFile; fileRef = 52437FAC302B875300A2F27A /* SafariWebExtensionHandler.swift */; };
		52437FBC302B875300A2F27A /* page.js in Resources */ = {isa = PBXBuildFile; fileRef = 52437FB9302B875300A2F27A /* page.js */; };
		52437FBD302B875300A2F27A /* manifest.json in Resources */ = {isa = PBXBuildFile; fileRef = 52437FBA302B875300A2F27A /* manifest.json */; };
		52437FBE302B875300A2F27A /* content.js in Resources */ = {isa = PBXBuildFile; fileRef = 52437FBB302B875300A2F27A /* content.js */; };
		A1C0FFEE0000000000000002 /* images in Resources */ = {isa = PBXBuildFile; fileRef = A1C0FFEE0000000000000001 /* images */; };
		A1C0FFEE0000000000000012 /* matcher.js in Resources */ = {isa = PBXBuildFile; fileRef = A1C0FFEE0000000000000011 /* matcher.js */; };
		A1C0FFEE0000000000000014 /* background.js in Resources */ = {isa = PBXBuildFile; fileRef = A1C0FFEE0000000000000013 /* background.js */; };
		A1C0FFEE0000000000000016 /* popup.html in Resources */ = {isa = PBXBuildFile; fileRef = A1C0FFEE0000000000000015 /* popup.html */; };
		A1C0FFEE0000000000000018 /* popup.js in Resources */ = {isa = PBXBuildFile; fileRef = A1C0FFEE0000000000000017 /* popup.js */; };
		A1C0FFEE000000000000001A /* options.html in Resources */ = {isa = PBXBuildFile; fileRef = A1C0FFEE0000000000000019 /* options.html */; };
		A1C0FFEE000000000000001C /* options.js in Resources */ = {isa = PBXBuildFile; fileRef = A1C0FFEE000000000000001B /* options.js */; };
/* End PBXBuildFile section */

/* Begin PBXContainerItemProxy section */
		52437FA9302B875300A2F27A /* PBXContainerItemProxy */ = {
			isa = PBXContainerItemProxy;
			containerPortal = 52437F84302B875100A2F27A /* Project object */;
			proxyType = 1;
			remoteGlobalIDString = 52437FA6302B875300A2F27A;
			remoteInfo = "MediaKeyGuardForSafari Extension";
		};
/* End PBXContainerItemProxy section */

/* Begin PBXCopyFilesBuildPhase section */
		52437FB4302B875300A2F27A /* Embed Foundation Extensions */ = {
			isa = PBXCopyFilesBuildPhase;
			buildActionMask = 2147483647;
			dstPath = "";
			dstSubfolderSpec = 13;
			files = (
				52437FA8302B875300A2F27A /* MediaKeyGuardForSafari Extension.appex in Embed Foundation Extensions */,
			);
			name = "Embed Foundation Extensions";
			runOnlyForDeploymentPostprocessing = 0;
		};
/* End PBXCopyFilesBuildPhase section */

/* Begin PBXFileReference section */
		52437F8C302B875100A2F27A /* MediaKeyGuardForSafari.app */ = {isa = PBXFileReference; explicitFileType = wrapper.application; includeInIndex = 0; path = MediaKeyGuardForSafari.app; sourceTree = BUILT_PRODUCTS_DIR; };
		52437F8F302B875100A2F27A /* AppDelegate.swift */ = {isa = PBXFileReference; lastKnownFileType = sourcecode.swift; path = AppDelegate.swift; sourceTree = "<group>"; };
		52437F93302B875100A2F27A /* Base */ = {isa = PBXFileReference; lastKnownFileType = text.html; name = Base; path = Base.lproj/Main.html; sourceTree = "<group>"; };
		52437F95302B875100A2F27A /* Icon.png */ = {isa = PBXFileReference; lastKnownFileType = image.png; path = Icon.png; sourceTree = "<group>"; };
		52437F97302B875100A2F27A /* Style.css */ = {isa = PBXFileReference; lastKnownFileType = text.css; path = Style.css; sourceTree = "<group>"; };
		52437F99302B875100A2F27A /* Script.js */ = {isa = PBXFileReference; lastKnownFileType = sourcecode.javascript; path = Script.js; sourceTree = "<group>"; };
		52437F9B302B875100A2F27A /* ViewController.swift */ = {isa = PBXFileReference; lastKnownFileType = sourcecode.swift; path = ViewController.swift; sourceTree = "<group>"; };
		52437F9E302B875100A2F27A /* Base */ = {isa = PBXFileReference; lastKnownFileType = file.storyboard; name = Base; path = Base.lproj/Main.storyboard; sourceTree = "<group>"; };
		52437FA0302B875300A2F27A /* Assets.xcassets */ = {isa = PBXFileReference; lastKnownFileType = folder.assetcatalog; path = Assets.xcassets; sourceTree = "<group>"; };
		52437FA2302B875300A2F27A /* Info.plist */ = {isa = PBXFileReference; lastKnownFileType = text.plist.xml; path = Info.plist; sourceTree = "<group>"; };
		52437FA7302B875300A2F27A /* MediaKeyGuardForSafari Extension.appex */ = {isa = PBXFileReference; explicitFileType = "wrapper.app-extension"; includeInIndex = 0; path = "MediaKeyGuardForSafari Extension.appex"; sourceTree = BUILT_PRODUCTS_DIR; };
		52437FAC302B875300A2F27A /* SafariWebExtensionHandler.swift */ = {isa = PBXFileReference; lastKnownFileType = sourcecode.swift; path = SafariWebExtensionHandler.swift; sourceTree = "<group>"; };
		52437FAE302B875300A2F27A /* Info.plist */ = {isa = PBXFileReference; lastKnownFileType = text.plist.xml; path = Info.plist; sourceTree = "<group>"; };
		52437FB9302B875300A2F27A /* page.js */ = {isa = PBXFileReference; lastKnownFileType = sourcecode.javascript; name = page.js; path = Resources/page.js; sourceTree = "<group>"; };
		52437FBA302B875300A2F27A /* manifest.json */ = {isa = PBXFileReference; lastKnownFileType = text.json; name = manifest.json; path = Resources/manifest.json; sourceTree = "<group>"; };
		52437FBB302B875300A2F27A /* content.js */ = {isa = PBXFileReference; lastKnownFileType = sourcecode.javascript; name = content.js; path = Resources/content.js; sourceTree = "<group>"; };
		A1C0FFEE0000000000000001 /* images */ = {isa = PBXFileReference; lastKnownFileType = folder; name = images; path = Resources/images; sourceTree = "<group>"; };
		A1C0FFEE0000000000000011 /* matcher.js */ = {isa = PBXFileReference; lastKnownFileType = sourcecode.javascript; name = matcher.js; path = Resources/matcher.js; sourceTree = "<group>"; };
		A1C0FFEE0000000000000013 /* background.js */ = {isa = PBXFileReference; lastKnownFileType = sourcecode.javascript; name = background.js; path = Resources/background.js; sourceTree = "<group>"; };
		A1C0FFEE0000000000000015 /* popup.html */ = {isa = PBXFileReference; lastKnownFileType = text.html; name = popup.html; path = Resources/popup.html; sourceTree = "<group>"; };
		A1C0FFEE0000000000000017 /* popup.js */ = {isa = PBXFileReference; lastKnownFileType = sourcecode.javascript; name = popup.js; path = Resources/popup.js; sourceTree = "<group>"; };
		A1C0FFEE0000000000000019 /* options.html */ = {isa = PBXFileReference; lastKnownFileType = text.html; name = options.html; path = Resources/options.html; sourceTree = "<group>"; };
		A1C0FFEE000000000000001B /* options.js */ = {isa = PBXFileReference; lastKnownFileType = sourcecode.javascript; name = options.js; path = Resources/options.js; sourceTree = "<group>"; };
		A1C0FFEE0000000000000021 /* Version.xcconfig */ = {isa = PBXFileReference; lastKnownFileType = text.xcconfig; path = Version.xcconfig; sourceTree = "<group>"; };
/* End PBXFileReference section */

/* Begin PBXFrameworksBuildPhase section */
		52437F89302B875100A2F27A /* Frameworks */ = {
			isa = PBXFrameworksBuildPhase;
			buildActionMask = 2147483647;
			files = (
			);
			runOnlyForDeploymentPostprocessing = 0;
		};
		52437FA4302B875300A2F27A /* Frameworks */ = {
			isa = PBXFrameworksBuildPhase;
			buildActionMask = 2147483647;
			files = (
			);
			runOnlyForDeploymentPostprocessing = 0;
		};
/* End PBXFrameworksBuildPhase section */

/* Begin PBXGroup section */
		52437F83302B875100A2F27A = {
			isa = PBXGroup;
			children = (
				A1C0FFEE0000000000000021 /* Version.xcconfig */,
				52437F8E302B875100A2F27A /* MediaKeyGuardForSafari */,
				52437FAB302B875300A2F27A /* MediaKeyGuardForSafari Extension */,
				52437F8D302B875100A2F27A /* Products */,
			);
			sourceTree = "<group>";
		};
		52437F8D302B875100A2F27A /* Products */ = {
			isa = PBXGroup;
			children = (
				52437F8C302B875100A2F27A /* MediaKeyGuardForSafari.app */,
				52437FA7302B875300A2F27A /* MediaKeyGuardForSafari Extension.appex */,
			);
			name = Products;
			sourceTree = "<group>";
		};
		52437F8E302B875100A2F27A /* MediaKeyGuardForSafari */ = {
			isa = PBXGroup;
			children = (
				52437F8F302B875100A2F27A /* AppDelegate.swift */,
				52437F9B302B875100A2F27A /* ViewController.swift */,
				52437F9D302B875100A2F27A /* Main.storyboard */,
				52437FA0302B875300A2F27A /* Assets.xcassets */,
				52437FA2302B875300A2F27A /* Info.plist */,
				52437F91302B875100A2F27A /* Resources */,
			);
			path = MediaKeyGuardForSafari;
			sourceTree = "<group>";
		};
		52437F91302B875100A2F27A /* Resources */ = {
			isa = PBXGroup;
			children = (
				52437F92302B875100A2F27A /* Main.html */,
				52437F95302B875100A2F27A /* Icon.png */,
				52437F97302B875100A2F27A /* Style.css */,
				52437F99302B875100A2F27A /* Script.js */,
			);
			path = Resources;
			sourceTree = "<group>";
		};
		52437FAB302B875300A2F27A /* MediaKeyGuardForSafari Extension */ = {
			isa = PBXGroup;
			children = (
				52437FB8302B875300A2F27A /* Resources */,
				52437FAC302B875300A2F27A /* SafariWebExtensionHandler.swift */,
				52437FAE302B875300A2F27A /* Info.plist */,
			);
			path = "MediaKeyGuardForSafari Extension";
			sourceTree = "<group>";
		};
		52437FB8302B875300A2F27A /* Resources */ = {
			isa = PBXGroup;
			children = (
				52437FB9302B875300A2F27A /* page.js */,
				52437FBA302B875300A2F27A /* manifest.json */,
				52437FBB302B875300A2F27A /* content.js */,
				A1C0FFEE0000000000000001 /* images */,
				A1C0FFEE0000000000000011 /* matcher.js */,
				A1C0FFEE0000000000000013 /* background.js */,
				A1C0FFEE0000000000000015 /* popup.html */,
				A1C0FFEE0000000000000017 /* popup.js */,
				A1C0FFEE0000000000000019 /* options.html */,
				A1C0FFEE000000000000001B /* options.js */,
			);
			name = Resources;
			path = "MediaKeyGuardForSafari Extension";
			sourceTree = SOURCE_ROOT;
		};
/* End PBXGroup section */

/* Begin PBXNativeTarget section */
		52437F8B302B875100A2F27A /* MediaKeyGuardForSafari */ = {
			isa = PBXNativeTarget;
			buildConfigurationList = 52437FB5302B875300A2F27A /* Build configuration list for PBXNativeTarget "MediaKeyGuardForSafari" */;
			buildPhases = (
				52437F88302B875100A2F27A /* Sources */,
				52437F89302B875100A2F27A /* Frameworks */,
				52437F8A302B875100A2F27A /* Resources */,
				52437FB4302B875300A2F27A /* Embed Foundation Extensions */,
			);
			buildRules = (
			);
			dependencies = (
				52437FAA302B875300A2F27A /* PBXTargetDependency */,
			);
			name = MediaKeyGuardForSafari;
			packageProductDependencies = (
			);
			productName = MediaKeyGuardForSafari;
			productReference = 52437F8C302B875100A2F27A /* MediaKeyGuardForSafari.app */;
			productType = "com.apple.product-type.application";
		};
		52437FA6302B875300A2F27A /* MediaKeyGuardForSafari Extension */ = {
			isa = PBXNativeTarget;
			buildConfigurationList = 52437FB1302B875300A2F27A /* Build configuration list for PBXNativeTarget "MediaKeyGuardForSafari Extension" */;
			buildPhases = (
				A1C0FFEE0000000000000031 /* Sync extension resources */,
				52437FA3302B875300A2F27A /* Sources */,
				52437FA4302B875300A2F27A /* Frameworks */,
				52437FA5302B875300A2F27A /* Resources */,
			);
			buildRules = (
			);
			dependencies = (
			);
			name = "MediaKeyGuardForSafari Extension";
			packageProductDependencies = (
			);
			productName = "MediaKeyGuardForSafari Extension";
			productReference = 52437FA7302B875300A2F27A /* MediaKeyGuardForSafari Extension.appex */;
			productType = "com.apple.product-type.app-extension";
		};
/* End PBXNativeTarget section */

/* Begin PBXProject section */
		52437F84302B875100A2F27A /* Project object */ = {
			isa = PBXProject;
			attributes = {
				BuildIndependentTargetsInParallel = 1;
				LastSwiftUpdateCheck = 2660;
				LastUpgradeCheck = 2660;
				TargetAttributes = {
					52437F8B302B875100A2F27A = {
						CreatedOnToolsVersion = 26.6;
					};
					52437FA6302B875300A2F27A = {
						CreatedOnToolsVersion = 26.6;
					};
				};
			};
			buildConfigurationList = 52437F87302B875100A2F27A /* Build configuration list for PBXProject "MediaKeyGuardForSafari" */;
			developmentRegion = en;
			hasScannedForEncodings = 0;
			knownRegions = (
				en,
				Base,
			);
			mainGroup = 52437F83302B875100A2F27A;
			minimizedProjectReferenceProxies = 1;
			preferredProjectObjectVersion = 77;
			productRefGroup = 52437F8D302B875100A2F27A /* Products */;
			projectDirPath = "";
			projectRoot = "";
			targets = (
				52437F8B302B875100A2F27A /* MediaKeyGuardForSafari */,
				52437FA6302B875300A2F27A /* MediaKeyGuardForSafari Extension */,
			);
		};
/* End PBXProject section */

/* Begin PBXResourcesBuildPhase section */
		52437F8A302B875100A2F27A /* Resources */ = {
			isa = PBXResourcesBuildPhase;
			buildActionMask = 2147483647;
			files = (
				52437F96302B875100A2F27A /* Icon.png in Resources */,
				52437F9F302B875100A2F27A /* Main.storyboard in Resources */,
				52437F9A302B875100A2F27A /* Script.js in Resources */,
				52437F94302B875100A2F27A /* Main.html in Resources */,
				52437FA1302B875300A2F27A /* Assets.xcassets in Resources */,
				52437F98302B875100A2F27A /* Style.css in Resources */,
			);
			runOnlyForDeploymentPostprocessing = 0;
		};
		52437FA5302B875300A2F27A /* Resources */ = {
			isa = PBXResourcesBuildPhase;
			buildActionMask = 2147483647;
			files = (
				52437FBE302B875300A2F27A /* content.js in Resources */,
				52437FBD302B875300A2F27A /* manifest.json in Resources */,
				52437FBC302B875300A2F27A /* page.js in Resources */,
				A1C0FFEE0000000000000002 /* images in Resources */,
				A1C0FFEE0000000000000012 /* matcher.js in Resources */,
				A1C0FFEE0000000000000014 /* background.js in Resources */,
				A1C0FFEE0000000000000016 /* popup.html in Resources */,
				A1C0FFEE0000000000000018 /* popup.js in Resources */,
				A1C0FFEE000000000000001A /* options.html in Resources */,
				A1C0FFEE000000000000001C /* options.js in Resources */,
			);
			runOnlyForDeploymentPostprocessing = 0;
		};
/* End PBXResourcesBuildPhase section */

/* Begin PBXShellScriptBuildPhase section */
		A1C0FFEE0000000000000031 /* Sync extension resources */ = {
			isa = PBXShellScriptBuildPhase;
			alwaysOutOfDate = 1;
			buildActionMask = 2147483647;
			files = (
			);
			inputFileListPaths = (
			);
			inputPaths = (
			);
			name = "Sync extension resources";
			outputFileListPaths = (
			);
			outputPaths = (
			);
			runOnlyForDeploymentPostprocessing = 0;
			shellPath = /bin/sh;
			shellScript = "\"$SRCROOT/../../tools/sync-resources.sh\"\n";
		};
/* End PBXShellScriptBuildPhase section */

/* Begin PBXSourcesBuildPhase section */
		52437F88302B875100A2F27A /* Sources */ = {
			isa = PBXSourcesBuildPhase;
			buildActionMask = 2147483647;
			files = (
				52437F9C302B875100A2F27A /* ViewController.swift in Sources */,
				52437F90302B875100A2F27A /* AppDelegate.swift in Sources */,
			);
			runOnlyForDeploymentPostprocessing = 0;
		};
		52437FA3302B875300A2F27A /* Sources */ = {
			isa = PBXSourcesBuildPhase;
			buildActionMask = 2147483647;
			files = (
				52437FAD302B875300A2F27A /* SafariWebExtensionHandler.swift in Sources */,
			);
			runOnlyForDeploymentPostprocessing = 0;
		};
/* End PBXSourcesBuildPhase section */

/* Begin PBXTargetDependency section */
		52437FAA302B875300A2F27A /* PBXTargetDependency */ = {
			isa = PBXTargetDependency;
			target = 52437FA6302B875300A2F27A /* MediaKeyGuardForSafari Extension */;
			targetProxy = 52437FA9302B875300A2F27A /* PBXContainerItemProxy */;
		};
/* End PBXTargetDependency section */

/* Begin PBXVariantGroup section */
		52437F92302B875100A2F27A /* Main.html */ = {
			isa = PBXVariantGroup;
			children = (
				52437F93302B875100A2F27A /* Base */,
			);
			name = Main.html;
			sourceTree = "<group>";
		};
		52437F9D302B875100A2F27A /* Main.storyboard */ = {
			isa = PBXVariantGroup;
			children = (
				52437F9E302B875100A2F27A /* Base */,
			);
			name = Main.storyboard;
			sourceTree = "<group>";
		};
/* End PBXVariantGroup section */

/* Begin XCBuildConfiguration section */
		52437FAF302B875300A2F27A /* Debug */ = {
			isa = XCBuildConfiguration;
			baseConfigurationReference = A1C0FFEE0000000000000021 /* Version.xcconfig */;
			buildSettings = {
				ALWAYS_SEARCH_USER_PATHS = NO;
				ASSETCATALOG_COMPILER_GENERATE_SWIFT_ASSET_SYMBOL_EXTENSIONS = YES;
				CLANG_ANALYZER_NONNULL = YES;
				CLANG_ANALYZER_NUMBER_OBJECT_CONVERSION = YES_AGGRESSIVE;
				CLANG_CXX_LANGUAGE_STANDARD = "gnu++20";
				CLANG_ENABLE_MODULES = YES;
				CLANG_ENABLE_OBJC_ARC = YES;
				CLANG_ENABLE_OBJC_WEAK = YES;
				CLANG_WARN_BLOCK_CAPTURE_AUTORELEASING = YES;
				CLANG_WARN_BOOL_CONVERSION = YES;
				CLANG_WARN_COMMA = YES;
				CLANG_WARN_CONSTANT_CONVERSION = YES;
				CLANG_WARN_DEPRECATED_OBJC_IMPLEMENTATIONS = YES;
				CLANG_WARN_DIRECT_OBJC_ISA_USAGE = YES_ERROR;
				CLANG_WARN_DOCUMENTATION_COMMENTS = YES;
				CLANG_WARN_EMPTY_BODY = YES;
				CLANG_WARN_ENUM_CONVERSION = YES;
				CLANG_WARN_INFINITE_RECURSION = YES;
				CLANG_WARN_INT_CONVERSION = YES;
				CLANG_WARN_NON_LITERAL_NULL_CONVERSION = YES;
				CLANG_WARN_OBJC_IMPLICIT_RETAIN_SELF = YES;
				CLANG_WARN_OBJC_LITERAL_CONVERSION = YES;
				CLANG_WARN_OBJC_ROOT_CLASS = YES_ERROR;
				CLANG_WARN_QUOTED_INCLUDE_IN_FRAMEWORK_HEADER = YES;
				CLANG_WARN_RANGE_LOOP_ANALYSIS = YES;
				CLANG_WARN_STRICT_PROTOTYPES = YES;
				CLANG_WARN_SUSPICIOUS_MOVE = YES;
				CLANG_WARN_UNGUARDED_AVAILABILITY = YES_AGGRESSIVE;
				CLANG_WARN_UNREACHABLE_CODE = YES;
				CLANG_WARN__DUPLICATE_METHOD_MATCH = YES;
				COPY_PHASE_STRIP = NO;
				DEBUG_INFORMATION_FORMAT = dwarf;
				ENABLE_STRICT_OBJC_MSGSEND = YES;
				ENABLE_TESTABILITY = YES;
				ENABLE_USER_SCRIPT_SANDBOXING = YES;
				GCC_C_LANGUAGE_STANDARD = gnu17;
				GCC_DYNAMIC_NO_PIC = NO;
				GCC_NO_COMMON_BLOCKS = YES;
				GCC_OPTIMIZATION_LEVEL = 0;
				GCC_PREPROCESSOR_DEFINITIONS = (
					"DEBUG=1",
					"$(inherited)",
				);
				GCC_WARN_64_TO_32_BIT_CONVERSION = YES;
				GCC_WARN_ABOUT_RETURN_TYPE = YES_ERROR;
				GCC_WARN_UNDECLARED_SELECTOR = YES;
				GCC_WARN_UNINITIALIZED_AUTOS = YES_AGGRESSIVE;
				GCC_WARN_UNUSED_FUNCTION = YES;
				GCC_WARN_UNUSED_VARIABLE = YES;
				LOCALIZATION_PREFERS_STRING_CATALOGS = YES;
				MACOSX_DEPLOYMENT_TARGET = 26.5;
				MTL_ENABLE_DEBUG_INFO = INCLUDE_SOURCE;
				MTL_FAST_MATH = YES;
				ONLY_ACTIVE_ARCH = YES;
				SDKROOT = macosx;
				SWIFT_ACTIVE_COMPILATION_CONDITIONS = "DEBUG $(inherited)";
				SWIFT_OPTIMIZATION_LEVEL = "-Onone";
			};
			name = Debug;
		};
		52437FB0302B875300A2F27A /* Release */ = {
			isa = XCBuildConfiguration;
			baseConfigurationReference = A1C0FFEE0000000000000021 /* Version.xcconfig */;
			buildSettings = {
				ALWAYS_SEARCH_USER_PATHS = NO;
				ASSETCATALOG_COMPILER_GENERATE_SWIFT_ASSET_SYMBOL_EXTENSIONS = YES;
				CLANG_ANALYZER_NONNULL = YES;
				CLANG_ANALYZER_NUMBER_OBJECT_CONVERSION = YES_AGGRESSIVE;
				CLANG_CXX_LANGUAGE_STANDARD = "gnu++20";
				CLANG_ENABLE_MODULES = YES;
				CLANG_ENABLE_OBJC_ARC = YES;
				CLANG_ENABLE_OBJC_WEAK = YES;
				CLANG_WARN_BLOCK_CAPTURE_AUTORELEASING = YES;
				CLANG_WARN_BOOL_CONVERSION = YES;
				CLANG_WARN_COMMA = YES;
				CLANG_WARN_CONSTANT_CONVERSION = YES;
				CLANG_WARN_DEPRECATED_OBJC_IMPLEMENTATIONS = YES;
				CLANG_WARN_DIRECT_OBJC_ISA_USAGE = YES_ERROR;
				CLANG_WARN_DOCUMENTATION_COMMENTS = YES;
				CLANG_WARN_EMPTY_BODY = YES;
				CLANG_WARN_ENUM_CONVERSION = YES;
				CLANG_WARN_INFINITE_RECURSION = YES;
				CLANG_WARN_INT_CONVERSION = YES;
				CLANG_WARN_NON_LITERAL_NULL_CONVERSION = YES;
				CLANG_WARN_OBJC_IMPLICIT_RETAIN_SELF = YES;
				CLANG_WARN_OBJC_LITERAL_CONVERSION = YES;
				CLANG_WARN_OBJC_ROOT_CLASS = YES_ERROR;
				CLANG_WARN_QUOTED_INCLUDE_IN_FRAMEWORK_HEADER = YES;
				CLANG_WARN_RANGE_LOOP_ANALYSIS = YES;
				CLANG_WARN_STRICT_PROTOTYPES = YES;
				CLANG_WARN_SUSPICIOUS_MOVE = YES;
				CLANG_WARN_UNGUARDED_AVAILABILITY = YES_AGGRESSIVE;
				CLANG_WARN_UNREACHABLE_CODE = YES;
				CLANG_WARN__DUPLICATE_METHOD_MATCH = YES;
				COPY_PHASE_STRIP = NO;
				DEBUG_INFORMATION_FORMAT = "dwarf-with-dsym";
				ENABLE_NS_ASSERTIONS = NO;
				ENABLE_STRICT_OBJC_MSGSEND = YES;
				ENABLE_USER_SCRIPT_SANDBOXING = YES;
				GCC_C_LANGUAGE_STANDARD = gnu17;
				GCC_NO_COMMON_BLOCKS = YES;
				GCC_WARN_64_TO_32_BIT_CONVERSION = YES;
				GCC_WARN_ABOUT_RETURN_TYPE = YES_ERROR;
				GCC_WARN_UNDECLARED_SELECTOR = YES;
				GCC_WARN_UNINITIALIZED_AUTOS = YES_AGGRESSIVE;
				GCC_WARN_UNUSED_FUNCTION = YES;
				GCC_WARN_UNUSED_VARIABLE = YES;
				LOCALIZATION_PREFERS_STRING_CATALOGS = YES;
				MACOSX_DEPLOYMENT_TARGET = 26.5;
				MTL_ENABLE_DEBUG_INFO = NO;
				MTL_FAST_MATH = YES;
				SDKROOT = macosx;
				SWIFT_COMPILATION_MODE = wholemodule;
			};
			name = Release;
		};
		52437FB2302B875300A2F27A /* Debug */ = {
			isa = XCBuildConfiguration;
			buildSettings = {
				CODE_SIGN_STYLE = Automatic;
				DEVELOPMENT_TEAM = Z3Z9Y4DSV9;
				ENABLE_APP_SANDBOX = YES;
				ENABLE_HARDENED_RUNTIME = YES;
				ENABLE_USER_SCRIPT_SANDBOXING = NO;
				ENABLE_USER_SELECTED_FILES = readonly;
				GENERATE_INFOPLIST_FILE = YES;
				INFOPLIST_FILE = "MediaKeyGuardForSafari Extension/Info.plist";
				INFOPLIST_KEY_CFBundleDisplayName = "Media Key Guard for Safari Extension";
				INFOPLIST_KEY_NSHumanReadableCopyright = "Copyright © 2026 Gareth Blain";
				LD_RUNPATH_SEARCH_PATHS = (
					"$(inherited)",
					"@executable_path/../Frameworks",
					"@executable_path/../../../../Frameworks",
				);
				MACOSX_DEPLOYMENT_TARGET = 10.14;
				OTHER_LDFLAGS = (
					"-framework",
					SafariServices,
				);
				PRODUCT_BUNDLE_IDENTIFIER = Life.Streamlining.MediaKeyGuardForSafari.Extension;
				PRODUCT_NAME = "$(TARGET_NAME)";
				SKIP_INSTALL = YES;
				STRING_CATALOG_GENERATE_SYMBOLS = YES;
				SWIFT_APPROACHABLE_CONCURRENCY = YES;
				SWIFT_EMIT_LOC_STRINGS = YES;
				SWIFT_UPCOMING_FEATURE_MEMBER_IMPORT_VISIBILITY = YES;
				SWIFT_VERSION = 5.0;
			};
			name = Debug;
		};
		52437FB3302B875300A2F27A /* Release */ = {
			isa = XCBuildConfiguration;
			buildSettings = {
				CODE_SIGN_STYLE = Automatic;
				DEVELOPMENT_TEAM = Z3Z9Y4DSV9;
				ENABLE_APP_SANDBOX = YES;
				ENABLE_HARDENED_RUNTIME = YES;
				ENABLE_USER_SCRIPT_SANDBOXING = NO;
				ENABLE_USER_SELECTED_FILES = readonly;
				GENERATE_INFOPLIST_FILE = YES;
				INFOPLIST_FILE = "MediaKeyGuardForSafari Extension/Info.plist";
				INFOPLIST_KEY_CFBundleDisplayName = "Media Key Guard for Safari Extension";
				INFOPLIST_KEY_NSHumanReadableCopyright = "Copyright © 2026 Gareth Blain";
				LD_RUNPATH_SEARCH_PATHS = (
					"$(inherited)",
					"@executable_path/../Frameworks",
					"@executable_path/../../../../Frameworks",
				);
				MACOSX_DEPLOYMENT_TARGET = 10.14;
				OTHER_LDFLAGS = (
					"-framework",
					SafariServices,
				);
				PRODUCT_BUNDLE_IDENTIFIER = Life.Streamlining.MediaKeyGuardForSafari.Extension;
				PRODUCT_NAME = "$(TARGET_NAME)";
				SKIP_INSTALL = YES;
				STRING_CATALOG_GENERATE_SYMBOLS = YES;
				SWIFT_APPROACHABLE_CONCURRENCY = YES;
				SWIFT_EMIT_LOC_STRINGS = YES;
				SWIFT_UPCOMING_FEATURE_MEMBER_IMPORT_VISIBILITY = YES;
				SWIFT_VERSION = 5.0;
			};
			name = Release;
		};
		52437FB6302B875300A2F27A /* Debug */ = {
			isa = XCBuildConfiguration;
			buildSettings = {
				ASSETCATALOG_COMPILER_APPICON_NAME = AppIcon;
				ASSETCATALOG_COMPILER_GLOBAL_ACCENT_COLOR_NAME = AccentColor;
				CODE_SIGN_STYLE = Automatic;
				COMBINE_HIDPI_IMAGES = YES;
				DEVELOPMENT_TEAM = Z3Z9Y4DSV9;
				ENABLE_APP_SANDBOX = YES;
				ENABLE_HARDENED_RUNTIME = YES;
				ENABLE_OUTGOING_NETWORK_CONNECTIONS = YES;
				ENABLE_USER_SELECTED_FILES = readonly;
				GENERATE_INFOPLIST_FILE = YES;
				INFOPLIST_FILE = MediaKeyGuardForSafari/Info.plist;
				INFOPLIST_KEY_CFBundleDisplayName = "Media Key Guard for Safari";
				INFOPLIST_KEY_LSApplicationCategoryType = "public.app-category.utilities";
				INFOPLIST_KEY_NSHumanReadableCopyright = "Copyright © 2026 Gareth Blain";
				INFOPLIST_KEY_NSMainStoryboardFile = Main;
				INFOPLIST_KEY_NSPrincipalClass = NSApplication;
				LD_RUNPATH_SEARCH_PATHS = (
					"$(inherited)",
					"@executable_path/../Frameworks",
				);
				OTHER_LDFLAGS = (
					"-framework",
					SafariServices,
					"-framework",
					WebKit,
				);
				PRODUCT_BUNDLE_IDENTIFIER = Life.Streamlining.MediaKeyGuardForSafari;
				PRODUCT_NAME = "$(TARGET_NAME)";
				REGISTER_APP_GROUPS = YES;
				STRING_CATALOG_GENERATE_SYMBOLS = YES;
				SWIFT_APPROACHABLE_CONCURRENCY = YES;
				SWIFT_DEFAULT_ACTOR_ISOLATION = MainActor;
				SWIFT_EMIT_LOC_STRINGS = YES;
				SWIFT_UPCOMING_FEATURE_MEMBER_IMPORT_VISIBILITY = YES;
				SWIFT_VERSION = 5.0;
			};
			name = Debug;
		};
		52437FB7302B875300A2F27A /* Release */ = {
			isa = XCBuildConfiguration;
			buildSettings = {
				ASSETCATALOG_COMPILER_APPICON_NAME = AppIcon;
				ASSETCATALOG_COMPILER_GLOBAL_ACCENT_COLOR_NAME = AccentColor;
				CODE_SIGN_STYLE = Automatic;
				COMBINE_HIDPI_IMAGES = YES;
				DEVELOPMENT_TEAM = Z3Z9Y4DSV9;
				ENABLE_APP_SANDBOX = YES;
				ENABLE_HARDENED_RUNTIME = YES;
				ENABLE_OUTGOING_NETWORK_CONNECTIONS = YES;
				ENABLE_USER_SELECTED_FILES = readonly;
				GENERATE_INFOPLIST_FILE = YES;
				INFOPLIST_FILE = MediaKeyGuardForSafari/Info.plist;
				INFOPLIST_KEY_CFBundleDisplayName = "Media Key Guard for Safari";
				INFOPLIST_KEY_LSApplicationCategoryType = "public.app-category.utilities";
				INFOPLIST_KEY_NSHumanReadableCopyright = "Copyright © 2026 Gareth Blain";
				INFOPLIST_KEY_NSMainStoryboardFile = Main;
				INFOPLIST_KEY_NSPrincipalClass = NSApplication;
				LD_RUNPATH_SEARCH_PATHS = (
					"$(inherited)",
					"@executable_path/../Frameworks",
				);
				OTHER_LDFLAGS = (
					"-framework",
					SafariServices,
					"-framework",
					WebKit,
				);
				PRODUCT_BUNDLE_IDENTIFIER = Life.Streamlining.MediaKeyGuardForSafari;
				PRODUCT_NAME = "$(TARGET_NAME)";
				REGISTER_APP_GROUPS = YES;
				STRING_CATALOG_GENERATE_SYMBOLS = YES;
				SWIFT_APPROACHABLE_CONCURRENCY = YES;
				SWIFT_DEFAULT_ACTOR_ISOLATION = MainActor;
				SWIFT_EMIT_LOC_STRINGS = YES;
				SWIFT_UPCOMING_FEATURE_MEMBER_IMPORT_VISIBILITY = YES;
				SWIFT_VERSION = 5.0;
			};
			name = Release;
		};
/* End XCBuildConfiguration section */

/* Begin XCConfigurationList section */
		52437F87302B875100A2F27A /* Build configuration list for PBXProject "MediaKeyGuardForSafari" */ = {
			isa = XCConfigurationList;
			buildConfigurations = (
				52437FAF302B875300A2F27A /* Debug */,
				52437FB0302B875300A2F27A /* Release */,
			);
			defaultConfigurationIsVisible = 0;
			defaultConfigurationName = Release;
		};
		52437FB1302B875300A2F27A /* Build configuration list for PBXNativeTarget "MediaKeyGuardForSafari Extension" */ = {
			isa = XCConfigurationList;
			buildConfigurations = (
				52437FB2302B875300A2F27A /* Debug */,
				52437FB3302B875300A2F27A /* Release */,
			);
			defaultConfigurationIsVisible = 0;
			defaultConfigurationName = Release;
		};
		52437FB5302B875300A2F27A /* Build configuration list for PBXNativeTarget "MediaKeyGuardForSafari" */ = {
			isa = XCConfigurationList;
			buildConfigurations = (
				52437FB6302B875300A2F27A /* Debug */,
				52437FB7302B875300A2F27A /* Release */,
			);
			defaultConfigurationIsVisible = 0;
			defaultConfigurationName = Release;
		};
/* End XCConfigurationList section */
	};
	rootObject = 52437F84302B875100A2F27A /* Project object */;
}
